<Solution>
  <Configurations>
    <Platform Name="Any CPU" />
    <Platform Name="x64" />
    <Platform Name="x86" />
  </Configurations>
  <Project Path="DevMaid.Core/DevMaid.Core.csproj" />
  <Project Path="DevMaid.CLI/DevMaid.CLI.csproj" />
  <Project Path="DevMaid.Tests/DevMaid.Tests.csproj" />
  <Project Path="DevMaid.CodeAnalysis/DevMaid.CodeAnalysis.csproj" />
</Solution>