<Solution>
  <Configurations>
    <Platform Name="Any CPU" />
    <Platform Name="x64" />
    <Platform Name="x86" />
  </Configurations>
  <Project Path="FurLab.Core/FurLab.Core.csproj" />
  <Project Path="FurLab.CLI/FurLab.CLI.csproj" />
  <Project Path="FurLab.Tests/FurLab.Tests.csproj" />
  <Project Path="FurLab.CodeAnalysis/FurLab.CodeAnalysis.csproj" />
</Solution>